
Microsoft Visual Studio Solution File, Format Version 12.00
# Visual Studio Version 16
VisualStudioVersion = 16.0.30320.27
MinimumVisualStudioVersion = 10.0.40219.1
Project("{FAE04EC0-301F-11D3-BF4B-00C04F79EFBC}") = "test", "test\test.csproj", "{1DEDAB8E-8984-4E11-9CA7-B88029E08039}"
EndProject
Project("{FAE04EC0-301F-11D3-BF4B-00C04F79EFBC}") = "ConsoleApp1", "ConsoleApp1\ConsoleApp1.csproj", "{554F792E-8883-4D97-89A8-3F88130092DD}"
EndProject
Global
	GlobalSection(SolutionConfigurationPlatforms) = preSolution
		Debug|Any CPU = Debug|Any CPU
		Release|Any CPU = Release|Any CPU
	EndGlobalSection
	GlobalSection(ProjectConfigurationPlatforms) = postSolution
		{1DEDAB8E-8984-4E11-9CA7-B88029E08039}.Debug|Any CPU.ActiveCfg = Debug|Any CPU
		{1DEDAB8E-8984-4E11-9CA7-B88029E08039}.Debug|Any CPU.Build.0 = Debug|Any CPU
		{1DEDAB8E-8984-4E11-9CA7-B88029E08039}.Release|Any CPU.ActiveCfg = Release|Any CPU
		{1DEDAB8E-8984-4E11-9CA7-B88029E08039}.Release|Any CPU.Build.0 = Release|Any CPU
		{554F792E-8883-4D97-89A8-3F88130092DD}.Debug|Any CPU.ActiveCfg = Debug|Any CPU
		{554F792E-8883-4D97-89A8-3F88130092DD}.Debug|Any CPU.Build.0 = Debug|Any CPU
		{554F792E-8883-4D97-89A8-3F88130092DD}.Release|Any CPU.ActiveCfg = Release|Any CPU
		{554F792E-8883-4D97-89A8-3F88130092DD}.Release|Any CPU.Build.0 = Release|Any CPU
	EndGlobalSection
	GlobalSection(SolutionProperties) = preSolution
		HideSolutionNode = FALSE
	EndGlobalSection
	GlobalSection(ExtensibilityGlobals) = postSolution
		SolutionGuid = {D462DE45-A889-40DF-8ADB-6942DA43DDAE}
	EndGlobalSection
EndGlobal
