
Microsoft Visual Studio Solution File, Format Version 12.00
# Visual Studio Version 16
VisualStudioVersion = 16.0.32228.343
MinimumVisualStudioVersion = 10.0.40219.1
Project("{FAE04EC0-301F-11D3-BF4B-00C04F79EFBC}") = "HashExerciseAssignment", "HashExerciseAssignment\HashExerciseAssignment.csproj", "{C78CC82B-E036-4132-B826-667C16959933}"
EndProject
Global
	GlobalSection(SolutionConfigurationPlatforms) = preSolution
		Debug|Any CPU = Debug|Any CPU
		Release|Any CPU = Release|Any CPU
	EndGlobalSection
	GlobalSection(ProjectConfigurationPlatforms) = postSolution
		{C78CC82B-E036-4132-B826-667C16959933}.Debug|Any CPU.ActiveCfg = Debug|Any CPU
		{C78CC82B-E036-4132-B826-667C16959933}.Debug|Any CPU.Build.0 = Debug|Any CPU
		{C78CC82B-E036-4132-B826-667C16959933}.Release|Any CPU.ActiveCfg = Release|Any CPU
		{C78CC82B-E036-4132-B826-667C16959933}.Release|Any CPU.Build.0 = Release|Any CPU
	EndGlobalSection
	GlobalSection(SolutionProperties) = preSolution
		HideSolutionNode = FALSE
	EndGlobalSection
	GlobalSection(ExtensibilityGlobals) = postSolution
		SolutionGuid = {31F2612B-E51A-48D5-B1B9-B3D92CB3774F}
	EndGlobalSection
EndGlobal
