
Microsoft Visual Studio Solution File, Format Version 12.00
# Visual Studio Version 16
VisualStudioVersion = 16.0.30320.27
MinimumVisualStudioVersion = 10.0.40219.1
Project("{FAE04EC0-301F-11D3-BF4B-00C04F79EFBC}") = "cookbook", "cookbook\cookbook.csproj", "{685A1B5C-24C3-4115-BAB8-8E80A0EADAC9}"
EndProject
Global
	GlobalSection(SolutionConfigurationPlatforms) = preSolution
		Debug|Any CPU = Debug|Any CPU
		Release|Any CPU = Release|Any CPU
	EndGlobalSection
	GlobalSection(ProjectConfigurationPlatforms) = postSolution
		{685A1B5C-24C3-4115-BAB8-8E80A0EADAC9}.Debug|Any CPU.ActiveCfg = Debug|Any CPU
		{685A1B5C-24C3-4115-BAB8-8E80A0EADAC9}.Debug|Any CPU.Build.0 = Debug|Any CPU
		{685A1B5C-24C3-4115-BAB8-8E80A0EADAC9}.Release|Any CPU.ActiveCfg = Release|Any CPU
		{685A1B5C-24C3-4115-BAB8-8E80A0EADAC9}.Release|Any CPU.Build.0 = Release|Any CPU
	EndGlobalSection
	GlobalSection(SolutionProperties) = preSolution
		HideSolutionNode = FALSE
	EndGlobalSection
	GlobalSection(ExtensibilityGlobals) = postSolution
		SolutionGuid = {BAA79142-AE6B-47C7-9A21-01B7E21AE104}
	EndGlobalSection
EndGlobal
