
Microsoft Visual Studio Solution File, Format Version 12.00
# Visual Studio Version 16
VisualStudioVersion = 16.0.32228.343
MinimumVisualStudioVersion = 10.0.40219.1
Project("{FAE04EC0-301F-11D3-BF4B-00C04F79EFBC}") = "ConsoleApp4", "ConsoleApp4\ConsoleApp4.csproj", "{5A8059FC-E187-4127-950E-BCC926C27CE6}"
EndProject
Global
	GlobalSection(SolutionConfigurationPlatforms) = preSolution
		Debug|Any CPU = Debug|Any CPU
		Release|Any CPU = Release|Any CPU
	EndGlobalSection
	GlobalSection(ProjectConfigurationPlatforms) = postSolution
		{5A8059FC-E187-4127-950E-BCC926C27CE6}.Debug|Any CPU.ActiveCfg = Debug|Any CPU
		{5A8059FC-E187-4127-950E-BCC926C27CE6}.Debug|Any CPU.Build.0 = Debug|Any CPU
		{5A8059FC-E187-4127-950E-BCC926C27CE6}.Release|Any CPU.ActiveCfg = Release|Any CPU
		{5A8059FC-E187-4127-950E-BCC926C27CE6}.Release|Any CPU.Build.0 = Release|Any CPU
	EndGlobalSection
	GlobalSection(SolutionProperties) = preSolution
		HideSolutionNode = FALSE
	EndGlobalSection
	GlobalSection(ExtensibilityGlobals) = postSolution
		SolutionGuid = {5C1B7B62-F1C1-4908-AE10-E555C3859B73}
	EndGlobalSection
EndGlobal
