
Microsoft Visual Studio Solution File, Format Version 12.00
# Visual Studio Version 17
VisualStudioVersion = 17.5.33516.290
MinimumVisualStudioVersion = 10.0.40219.1
Project("{FAE04EC0-301F-11D3-BF4B-00C04F79EFBC}") = "TestUserMenu", "TestUserMenu\TestUserMenu.csproj", "{C3B971AD-F7A5-4CC3-8506-FF14084F8EEB}"
EndProject
Global
	GlobalSection(SolutionConfigurationPlatforms) = preSolution
		Debug|Any CPU = Debug|Any CPU
		Release|Any CPU = Release|Any CPU
	EndGlobalSection
	GlobalSection(ProjectConfigurationPlatforms) = postSolution
		{C3B971AD-F7A5-4CC3-8506-FF14084F8EEB}.Debug|Any CPU.ActiveCfg = Debug|Any CPU
		{C3B971AD-F7A5-4CC3-8506-FF14084F8EEB}.Debug|Any CPU.Build.0 = Debug|Any CPU
		{C3B971AD-F7A5-4CC3-8506-FF14084F8EEB}.Release|Any CPU.ActiveCfg = Release|Any CPU
		{C3B971AD-F7A5-4CC3-8506-FF14084F8EEB}.Release|Any CPU.Build.0 = Release|Any CPU
	EndGlobalSection
	GlobalSection(SolutionProperties) = preSolution
		HideSolutionNode = FALSE
	EndGlobalSection
	GlobalSection(ExtensibilityGlobals) = postSolution
		SolutionGuid = {369A79FA-06BF-4313-9D5E-3030FA2C2814}
	EndGlobalSection
EndGlobal
